
Microsoft Visual Studio Solution File, Format Version 12.00
# Visual Studio Version 16
VisualStudioVersion = 16.0.30524.135
MinimumVisualStudioVersion = 10.0.40219.1
Project("{9A19103F-16F7-4668-BE54-9A1E7A4F7556}") = "LWMS", "LWMS\LWMS.csproj", "{DC9429BF-3DE6-4225-AF74-56E1FF46368E}"
EndProject
Project("{9A19103F-16F7-4668-BE54-9A1E7A4F7556}") = "LWMS.Core", "LWMS.Core\LWMS.Core.csproj", "{A31FD479-9B15-43CE-A804-F8081DA466F2}"
EndProject
Project("{2150E333-8FDC-42A3-9474-1A3956D46DE8}") = "Solution Items", "Solution Items", "{140835F2-83EF-4625-A05C-866C244C5281}"
	ProjectSection(SolutionItems) = preProject
		BuildDebug.ps1 = BuildDebug.ps1
		BuildRelease.ps1 = BuildRelease.ps1
		README.md = README.md
	EndProjectSection
EndProject
Project("{9A19103F-16F7-4668-BE54-9A1E7A4F7556}") = "LWMS.Management.Commands", "LWMS.Management.Commands\LWMS.Management.Commands.csproj", "{A4B5AE6A-8EC8-4A52-B9EB-CF26CD72098F}"
EndProject
Project("{9A19103F-16F7-4668-BE54-9A1E7A4F7556}") = "LWMS.Management", "LWMS.Management\LWMS.Management.csproj", "{64534E8B-F1F4-4E6F-93E7-94DA0539B516}"
EndProject
Project("{2150E333-8FDC-42A3-9474-1A3956D46DE8}") = "Modules", "Modules", "{C81BDDCE-95D2-4747-B416-281B36F145A6}"
EndProject
Project("{9A19103F-16F7-4668-BE54-9A1E7A4F7556}") = "LWMS.RPipelineUnits", "LWMS.RPipelineUnits\LWMS.RPipelineUnits.csproj", "{3E61C4EE-A584-4BFF-8E8C-047D888A88AF}"
EndProject
Project("{9A19103F-16F7-4668-BE54-9A1E7A4F7556}") = "LWMS.Core.Logger", "LWMS.Core.Logger\LWMS.Core.Logger.csproj", "{817B2638-A6C8-4F17-BCEF-9CDC0770065A}"
EndProject
Project("{9A19103F-16F7-4668-BE54-9A1E7A4F7556}") = "LWMS.Core.WR", "LWMS.Core.WR\LWMS.Core.WR.csproj", "{3649AE37-5928-43AD-A0BC-8700ABBF3619}"
EndProject
Project("{9A19103F-16F7-4668-BE54-9A1E7A4F7556}") = "LWMS.Localization", "LWMS.Localization\LWMS.Localization.csproj", "{A57895FD-828E-44A9-B877-43AB34135DE0}"
EndProject
Project("{9A19103F-16F7-4668-BE54-9A1E7A4F7556}") = "LWMS.Core.Configuration", "LWMS.Core.Configuration\LWMS.Core.Configuration.csproj", "{D861615D-915D-4BD8-9EC9-81F31881323B}"
EndProject
Project("{9A19103F-16F7-4668-BE54-9A1E7A4F7556}") = "LWMS.Core.FileSystem", "LWMS.Core.FileSystem\LWMS.Core.FileSystem.csproj", "{B5B38C30-2F91-427C-9E08-35B4A304F25E}"
EndProject
Project("{9A19103F-16F7-4668-BE54-9A1E7A4F7556}") = "LWMS.FunctionTestModule", "LWMS.FunctionTestModule\LWMS.FunctionTestModule.csproj", "{8551C8FC-7A3E-4546-87D4-09226670549C}"
EndProject
Project("{FAE04EC0-301F-11D3-BF4B-00C04F79EFBC}") = "LWMS.Core.Authentication", "LWMS.Core.Authentication\LWMS.Core.Authentication.csproj", "{6EC07F66-89F5-4DCC-B1D8-7B1401D5996F}"
EndProject
Global
	GlobalSection(SolutionConfigurationPlatforms) = preSolution
		Debug|Any CPU = Debug|Any CPU
		Release|Any CPU = Release|Any CPU
	EndGlobalSection
	GlobalSection(ProjectConfigurationPlatforms) = postSolution
		{DC9429BF-3DE6-4225-AF74-56E1FF46368E}.Debug|Any CPU.ActiveCfg = Debug|Any CPU
		{DC9429BF-3DE6-4225-AF74-56E1FF46368E}.Debug|Any CPU.Build.0 = Debug|Any CPU
		{DC9429BF-3DE6-4225-AF74-56E1FF46368E}.Release|Any CPU.ActiveCfg = Release|Any CPU
		{DC9429BF-3DE6-4225-AF74-56E1FF46368E}.Release|Any CPU.Build.0 = Release|Any CPU
		{A31FD479-9B15-43CE-A804-F8081DA466F2}.Debug|Any CPU.ActiveCfg = Debug|Any CPU
		{A31FD479-9B15-43CE-A804-F8081DA466F2}.Debug|Any CPU.Build.0 = Debug|Any CPU
		{A31FD479-9B15-43CE-A804-F8081DA466F2}.Release|Any CPU.ActiveCfg = Release|Any CPU
		{A31FD479-9B15-43CE-A804-F8081DA466F2}.Release|Any CPU.Build.0 = Release|Any CPU
		{A4B5AE6A-8EC8-4A52-B9EB-CF26CD72098F}.Debug|Any CPU.ActiveCfg = Debug|Any CPU
		{A4B5AE6A-8EC8-4A52-B9EB-CF26CD72098F}.Debug|Any CPU.Build.0 = Debug|Any CPU
		{A4B5AE6A-8EC8-4A52-B9EB-CF26CD72098F}.Release|Any CPU.ActiveCfg = Release|Any CPU
		{A4B5AE6A-8EC8-4A52-B9EB-CF26CD72098F}.Release|Any CPU.Build.0 = Release|Any CPU
		{64534E8B-F1F4-4E6F-93E7-94DA0539B516}.Debug|Any CPU.ActiveCfg = Debug|Any CPU
		{64534E8B-F1F4-4E6F-93E7-94DA0539B516}.Debug|Any CPU.Build.0 = Debug|Any CPU
		{64534E8B-F1F4-4E6F-93E7-94DA0539B516}.Release|Any CPU.ActiveCfg = Release|Any CPU
		{64534E8B-F1F4-4E6F-93E7-94DA0539B516}.Release|Any CPU.Build.0 = Release|Any CPU
		{3E61C4EE-A584-4BFF-8E8C-047D888A88AF}.Debug|Any CPU.ActiveCfg = Debug|Any CPU
		{3E61C4EE-A584-4BFF-8E8C-047D888A88AF}.Debug|Any CPU.Build.0 = Debug|Any CPU
		{3E61C4EE-A584-4BFF-8E8C-047D888A88AF}.Release|Any CPU.ActiveCfg = Release|Any CPU
		{3E61C4EE-A584-4BFF-8E8C-047D888A88AF}.Release|Any CPU.Build.0 = Release|Any CPU
		{817B2638-A6C8-4F17-BCEF-9CDC0770065A}.Debug|Any CPU.ActiveCfg = Debug|Any CPU
		{817B2638-A6C8-4F17-BCEF-9CDC0770065A}.Debug|Any CPU.Build.0 = Debug|Any CPU
		{817B2638-A6C8-4F17-BCEF-9CDC0770065A}.Release|Any CPU.ActiveCfg = Release|Any CPU
		{817B2638-A6C8-4F17-BCEF-9CDC0770065A}.Release|Any CPU.Build.0 = Release|Any CPU
		{3649AE37-5928-43AD-A0BC-8700ABBF3619}.Debug|Any CPU.ActiveCfg = Debug|Any CPU
		{3649AE37-5928-43AD-A0BC-8700ABBF3619}.Debug|Any CPU.Build.0 = Debug|Any CPU
		{3649AE37-5928-43AD-A0BC-8700ABBF3619}.Release|Any CPU.ActiveCfg = Release|Any CPU
		{3649AE37-5928-43AD-A0BC-8700ABBF3619}.Release|Any CPU.Build.0 = Release|Any CPU
		{A57895FD-828E-44A9-B877-43AB34135DE0}.Debug|Any CPU.ActiveCfg = Debug|Any CPU
		{A57895FD-828E-44A9-B877-43AB34135DE0}.Debug|Any CPU.Build.0 = Debug|Any CPU
		{A57895FD-828E-44A9-B877-43AB34135DE0}.Release|Any CPU.ActiveCfg = Release|Any CPU
		{A57895FD-828E-44A9-B877-43AB34135DE0}.Release|Any CPU.Build.0 = Release|Any CPU
		{D861615D-915D-4BD8-9EC9-81F31881323B}.Debug|Any CPU.ActiveCfg = Debug|Any CPU
		{D861615D-915D-4BD8-9EC9-81F31881323B}.Debug|Any CPU.Build.0 = Debug|Any CPU
		{D861615D-915D-4BD8-9EC9-81F31881323B}.Release|Any CPU.ActiveCfg = Release|Any CPU
		{D861615D-915D-4BD8-9EC9-81F31881323B}.Release|Any CPU.Build.0 = Release|Any CPU
		{B5B38C30-2F91-427C-9E08-35B4A304F25E}.Debug|Any CPU.ActiveCfg = Debug|Any CPU
		{B5B38C30-2F91-427C-9E08-35B4A304F25E}.Debug|Any CPU.Build.0 = Debug|Any CPU
		{B5B38C30-2F91-427C-9E08-35B4A304F25E}.Release|Any CPU.ActiveCfg = Release|Any CPU
		{B5B38C30-2F91-427C-9E08-35B4A304F25E}.Release|Any CPU.Build.0 = Release|Any CPU
		{8551C8FC-7A3E-4546-87D4-09226670549C}.Debug|Any CPU.ActiveCfg = Debug|Any CPU
		{8551C8FC-7A3E-4546-87D4-09226670549C}.Debug|Any CPU.Build.0 = Debug|Any CPU
		{8551C8FC-7A3E-4546-87D4-09226670549C}.Release|Any CPU.ActiveCfg = Release|Any CPU
		{8551C8FC-7A3E-4546-87D4-09226670549C}.Release|Any CPU.Build.0 = Release|Any CPU
		{6EC07F66-89F5-4DCC-B1D8-7B1401D5996F}.Debug|Any CPU.ActiveCfg = Debug|Any CPU
		{6EC07F66-89F5-4DCC-B1D8-7B1401D5996F}.Debug|Any CPU.Build.0 = Debug|Any CPU
		{6EC07F66-89F5-4DCC-B1D8-7B1401D5996F}.Release|Any CPU.ActiveCfg = Release|Any CPU
		{6EC07F66-89F5-4DCC-B1D8-7B1401D5996F}.Release|Any CPU.Build.0 = Release|Any CPU
	EndGlobalSection
	GlobalSection(SolutionProperties) = preSolution
		HideSolutionNode = FALSE
	EndGlobalSection
	GlobalSection(NestedProjects) = preSolution
		{3E61C4EE-A584-4BFF-8E8C-047D888A88AF} = {C81BDDCE-95D2-4747-B416-281B36F145A6}
		{8551C8FC-7A3E-4546-87D4-09226670549C} = {C81BDDCE-95D2-4747-B416-281B36F145A6}
	EndGlobalSection
	GlobalSection(ExtensibilityGlobals) = postSolution
		SolutionGuid = {F0C916B5-9D2E-47BC-A1A8-61A6F7E8B0D6}
	EndGlobalSection
EndGlobal
