
Microsoft Visual Studio Solution File, Format Version 12.00
# Visual Studio Version 17
VisualStudioVersion = 17.5.33103.201
MinimumVisualStudioVersion = 10.0.40219.1
Project("{9A19103F-16F7-4668-BE54-9A1E7A4F7556}") = "LWMS", "LWMS\LWMS.csproj", "{DC9429BF-3DE6-4225-AF74-56E1FF46368E}"
EndProject
Project("{9A19103F-16F7-4668-BE54-9A1E7A4F7556}") = "LWMS.Core", "LWMS.Core\LWMS.Core.csproj", "{A31FD479-9B15-43CE-A804-F8081DA466F2}"
EndProject
Project("{2150E333-8FDC-42A3-9474-1A3956D46DE8}") = "Solution Items", "Solution Items", "{140835F2-83EF-4625-A05C-866C244C5281}"
	ProjectSection(SolutionItems) = preProject
		BuildDebug.ps1 = BuildDebug.ps1
		BuildRelease.ps1 = BuildRelease.ps1
		README.md = README.md
	EndProjectSection
EndProject
Project("{9A19103F-16F7-4668-BE54-9A1E7A4F7556}") = "LWMS.Management.Commands", "LWMS.Management.Commands\LWMS.Management.Commands.csproj", "{A4B5AE6A-8EC8-4A52-B9EB-CF26CD72098F}"
EndProject
Project("{9A19103F-16F7-4668-BE54-9A1E7A4F7556}") = "LWMS.Management", "LWMS.Management\LWMS.Management.csproj", "{64534E8B-F1F4-4E6F-93E7-94DA0539B516}"
EndProject
Project("{2150E333-8FDC-42A3-9474-1A3956D46DE8}") = "Modules", "Modules", "{C81BDDCE-95D2-4747-B416-281B36F145A6}"
EndProject
Project("{9A19103F-16F7-4668-BE54-9A1E7A4F7556}") = "LWMS.RPipelineUnits", "LWMS.RPipelineUnits\LWMS.RPipelineUnits.csproj", "{3E61C4EE-A584-4BFF-8E8C-047D888A88AF}"
EndProject
Project("{9A19103F-16F7-4668-BE54-9A1E7A4F7556}") = "LWMS.Core.Logger", "LWMS.Core.Logger\LWMS.Core.Logger.csproj", "{817B2638-A6C8-4F17-BCEF-9CDC0770065A}"
EndProject
Project("{9A19103F-16F7-4668-BE54-9A1E7A4F7556}") = "LWMS.Core.WR", "LWMS.Core.WR\LWMS.Core.WR.csproj", "{3649AE37-5928-43AD-A0BC-8700ABBF3619}"
EndProject
Project("{9A19103F-16F7-4668-BE54-9A1E7A4F7556}") = "LWMS.Localization", "LWMS.Localization\LWMS.Localization.csproj", "{A57895FD-828E-44A9-B877-43AB34135DE0}"
EndProject
Project("{9A19103F-16F7-4668-BE54-9A1E7A4F7556}") = "LWMS.Core.Configuration", "LWMS.Core.Configuration\LWMS.Core.Configuration.csproj", "{D861615D-915D-4BD8-9EC9-81F31881323B}"
EndProject
Project("{9A19103F-16F7-4668-BE54-9A1E7A4F7556}") = "LWMS.Core.FileSystem", "LWMS.Core.FileSystem\LWMS.Core.FileSystem.csproj", "{B5B38C30-2F91-427C-9E08-35B4A304F25E}"
EndProject
Project("{9A19103F-16F7-4668-BE54-9A1E7A4F7556}") = "LWMS.FunctionTestModule", "LWMS.FunctionTestModule\LWMS.FunctionTestModule.csproj", "{8551C8FC-7A3E-4546-87D4-09226670549C}"
EndProject
Project("{9A19103F-16F7-4668-BE54-9A1E7A4F7556}") = "LWMS.Core.Authentication", "LWMS.Core.Authentication\LWMS.Core.Authentication.csproj", "{6EC07F66-89F5-4DCC-B1D8-7B1401D5996F}"
EndProject
Project("{9A19103F-16F7-4668-BE54-9A1E7A4F7556}") = "LWMS.Core.SBSDomain", "LWMS.Core.SBSDomain\LWMS.Core.SBSDomain.csproj", "{DD73C884-DDA7-4307-84DD-7760CE3F67C8}"
EndProject
Project("{9A19103F-16F7-4668-BE54-9A1E7A4F7556}") = "LWMS.Sample.MarkdownBlog", "LWMS.Sample.MarkdownBlog\LWMS.Sample.MarkdownBlog.csproj", "{982F3EF8-D222-41FA-907D-9476F3708CB6}"
EndProject
Project("{9A19103F-16F7-4668-BE54-9A1E7A4F7556}") = "LWMS.EventDrivenRequests", "LWMS.EventDrivenRequests\LWMS.EventDrivenRequests.csproj", "{0BF56B8F-2966-4E51-B2B4-468925B47ADF}"
EndProject
Project("{9A19103F-16F7-4668-BE54-9A1E7A4F7556}") = "LWMS.SimpleDirectoryBrowser", "LWMS.SimpleDirectoryBrowser\LWMS.SimpleDirectoryBrowser.csproj", "{06B38872-F80D-49E2-B764-98183F9D408E}"
EndProject
Project("{9A19103F-16F7-4668-BE54-9A1E7A4F7556}") = "LWMS.Core.RemoteShell.Server", "LWMS.Core.RemoteShell.Server\LWMS.Core.RemoteShell.Server.csproj", "{2D38C3E8-6220-4640-B77F-8D3C95AA45D4}"
EndProject
Project("{9A19103F-16F7-4668-BE54-9A1E7A4F7556}") = "LWMS.Core.RemoteShell.ClientCore", "LWMS.Core.RemoteShell.ClientCore\LWMS.Core.RemoteShell.ClientCore.csproj", "{6123C2E4-0E6F-42CC-9813-EF709A1FF1DA}"
EndProject
Project("{2150E333-8FDC-42A3-9474-1A3956D46DE8}") = "Core", "Core", "{3229E42F-63DE-44C5-B29B-B855F7A89D48}"
EndProject
Project("{9A19103F-16F7-4668-BE54-9A1E7A4F7556}") = "LWMS.RemoteShell.ConsoleClient", "LWMS.RemoteShell.ConsoleClient\LWMS.RemoteShell.ConsoleClient.csproj", "{AB91FB5B-2CEF-47E9-AB66-F7556FD141E1}"
EndProject
Global
	GlobalSection(SolutionConfigurationPlatforms) = preSolution
		Debug|Any CPU = Debug|Any CPU
		Release|Any CPU = Release|Any CPU
	EndGlobalSection
	GlobalSection(ProjectConfigurationPlatforms) = postSolution
		{DC9429BF-3DE6-4225-AF74-56E1FF46368E}.Debug|Any CPU.ActiveCfg = Debug|Any CPU
		{DC9429BF-3DE6-4225-AF74-56E1FF46368E}.Debug|Any CPU.Build.0 = Debug|Any CPU
		{DC9429BF-3DE6-4225-AF74-56E1FF46368E}.Release|Any CPU.ActiveCfg = Release|Any CPU
		{DC9429BF-3DE6-4225-AF74-56E1FF46368E}.Release|Any CPU.Build.0 = Release|Any CPU
		{A31FD479-9B15-43CE-A804-F8081DA466F2}.Debug|Any CPU.ActiveCfg = Debug|Any CPU
		{A31FD479-9B15-43CE-A804-F8081DA466F2}.Debug|Any CPU.Build.0 = Debug|Any CPU
		{A31FD479-9B15-43CE-A804-F8081DA466F2}.Release|Any CPU.ActiveCfg = Release|Any CPU
		{A31FD479-9B15-43CE-A804-F8081DA466F2}.Release|Any CPU.Build.0 = Release|Any CPU
		{A4B5AE6A-8EC8-4A52-B9EB-CF26CD72098F}.Debug|Any CPU.ActiveCfg = Debug|Any CPU
		{A4B5AE6A-8EC8-4A52-B9EB-CF26CD72098F}.Debug|Any CPU.Build.0 = Debug|Any CPU
		{A4B5AE6A-8EC8-4A52-B9EB-CF26CD72098F}.Release|Any CPU.ActiveCfg = Release|Any CPU
		{A4B5AE6A-8EC8-4A52-B9EB-CF26CD72098F}.Release|Any CPU.Build.0 = Release|Any CPU
		{64534E8B-F1F4-4E6F-93E7-94DA0539B516}.Debug|Any CPU.ActiveCfg = Debug|Any CPU
		{64534E8B-F1F4-4E6F-93E7-94DA0539B516}.Debug|Any CPU.Build.0 = Debug|Any CPU
		{64534E8B-F1F4-4E6F-93E7-94DA0539B516}.Release|Any CPU.ActiveCfg = Release|Any CPU
		{64534E8B-F1F4-4E6F-93E7-94DA0539B516}.Release|Any CPU.Build.0 = Release|Any CPU
		{3E61C4EE-A584-4BFF-8E8C-047D888A88AF}.Debug|Any CPU.ActiveCfg = Debug|Any CPU
		{3E61C4EE-A584-4BFF-8E8C-047D888A88AF}.Debug|Any CPU.Build.0 = Debug|Any CPU
		{3E61C4EE-A584-4BFF-8E8C-047D888A88AF}.Release|Any CPU.ActiveCfg = Release|Any CPU
		{3E61C4EE-A584-4BFF-8E8C-047D888A88AF}.Release|Any CPU.Build.0 = Release|Any CPU
		{817B2638-A6C8-4F17-BCEF-9CDC0770065A}.Debug|Any CPU.ActiveCfg = Debug|Any CPU
		{817B2638-A6C8-4F17-BCEF-9CDC0770065A}.Debug|Any CPU.Build.0 = Debug|Any CPU
		{817B2638-A6C8-4F17-BCEF-9CDC0770065A}.Release|Any CPU.ActiveCfg = Release|Any CPU
		{817B2638-A6C8-4F17-BCEF-9CDC0770065A}.Release|Any CPU.Build.0 = Release|Any CPU
		{3649AE37-5928-43AD-A0BC-8700ABBF3619}.Debug|Any CPU.ActiveCfg = Debug|Any CPU
		{3649AE37-5928-43AD-A0BC-8700ABBF3619}.Debug|Any CPU.Build.0 = Debug|Any CPU
		{3649AE37-5928-43AD-A0BC-8700ABBF3619}.Release|Any CPU.ActiveCfg = Release|Any CPU
		{3649AE37-5928-43AD-A0BC-8700ABBF3619}.Release|Any CPU.Build.0 = Release|Any CPU
		{A57895FD-828E-44A9-B877-43AB34135DE0}.Debug|Any CPU.ActiveCfg = Debug|Any CPU
		{A57895FD-828E-44A9-B877-43AB34135DE0}.Debug|Any CPU.Build.0 = Debug|Any CPU
		{A57895FD-828E-44A9-B877-43AB34135DE0}.Release|Any CPU.ActiveCfg = Release|Any CPU
		{A57895FD-828E-44A9-B877-43AB34135DE0}.Release|Any CPU.Build.0 = Release|Any CPU
		{D861615D-915D-4BD8-9EC9-81F31881323B}.Debug|Any CPU.ActiveCfg = Debug|Any CPU
		{D861615D-915D-4BD8-9EC9-81F31881323B}.Debug|Any CPU.Build.0 = Debug|Any CPU
		{D861615D-915D-4BD8-9EC9-81F31881323B}.Release|Any CPU.ActiveCfg = Release|Any CPU
		{D861615D-915D-4BD8-9EC9-81F31881323B}.Release|Any CPU.Build.0 = Release|Any CPU
		{B5B38C30-2F91-427C-9E08-35B4A304F25E}.Debug|Any CPU.ActiveCfg = Debug|Any CPU
		{B5B38C30-2F91-427C-9E08-35B4A304F25E}.Debug|Any CPU.Build.0 = Debug|Any CPU
		{B5B38C30-2F91-427C-9E08-35B4A304F25E}.Release|Any CPU.ActiveCfg = Release|Any CPU
		{B5B38C30-2F91-427C-9E08-35B4A304F25E}.Release|Any CPU.Build.0 = Release|Any CPU
		{8551C8FC-7A3E-4546-87D4-09226670549C}.Debug|Any CPU.ActiveCfg = Debug|Any CPU
		{8551C8FC-7A3E-4546-87D4-09226670549C}.Debug|Any CPU.Build.0 = Debug|Any CPU
		{8551C8FC-7A3E-4546-87D4-09226670549C}.Release|Any CPU.ActiveCfg = Release|Any CPU
		{8551C8FC-7A3E-4546-87D4-09226670549C}.Release|Any CPU.Build.0 = Release|Any CPU
		{6EC07F66-89F5-4DCC-B1D8-7B1401D5996F}.Debug|Any CPU.ActiveCfg = Debug|Any CPU
		{6EC07F66-89F5-4DCC-B1D8-7B1401D5996F}.Debug|Any CPU.Build.0 = Debug|Any CPU
		{6EC07F66-89F5-4DCC-B1D8-7B1401D5996F}.Release|Any CPU.ActiveCfg = Release|Any CPU
		{6EC07F66-89F5-4DCC-B1D8-7B1401D5996F}.Release|Any CPU.Build.0 = Release|Any CPU
		{DD73C884-DDA7-4307-84DD-7760CE3F67C8}.Debug|Any CPU.ActiveCfg = Debug|Any CPU
		{DD73C884-DDA7-4307-84DD-7760CE3F67C8}.Debug|Any CPU.Build.0 = Debug|Any CPU
		{DD73C884-DDA7-4307-84DD-7760CE3F67C8}.Release|Any CPU.ActiveCfg = Release|Any CPU
		{DD73C884-DDA7-4307-84DD-7760CE3F67C8}.Release|Any CPU.Build.0 = Release|Any CPU
		{982F3EF8-D222-41FA-907D-9476F3708CB6}.Debug|Any CPU.ActiveCfg = Debug|Any CPU
		{982F3EF8-D222-41FA-907D-9476F3708CB6}.Debug|Any CPU.Build.0 = Debug|Any CPU
		{982F3EF8-D222-41FA-907D-9476F3708CB6}.Release|Any CPU.ActiveCfg = Release|Any CPU
		{982F3EF8-D222-41FA-907D-9476F3708CB6}.Release|Any CPU.Build.0 = Release|Any CPU
		{0BF56B8F-2966-4E51-B2B4-468925B47ADF}.Debug|Any CPU.ActiveCfg = Debug|Any CPU
		{0BF56B8F-2966-4E51-B2B4-468925B47ADF}.Debug|Any CPU.Build.0 = Debug|Any CPU
		{0BF56B8F-2966-4E51-B2B4-468925B47ADF}.Release|Any CPU.ActiveCfg = Release|Any CPU
		{0BF56B8F-2966-4E51-B2B4-468925B47ADF}.Release|Any CPU.Build.0 = Release|Any CPU
		{06B38872-F80D-49E2-B764-98183F9D408E}.Debug|Any CPU.ActiveCfg = Debug|Any CPU
		{06B38872-F80D-49E2-B764-98183F9D408E}.Debug|Any CPU.Build.0 = Debug|Any CPU
		{06B38872-F80D-49E2-B764-98183F9D408E}.Release|Any CPU.ActiveCfg = Release|Any CPU
		{06B38872-F80D-49E2-B764-98183F9D408E}.Release|Any CPU.Build.0 = Release|Any CPU
		{2D38C3E8-6220-4640-B77F-8D3C95AA45D4}.Debug|Any CPU.ActiveCfg = Debug|Any CPU
		{2D38C3E8-6220-4640-B77F-8D3C95AA45D4}.Debug|Any CPU.Build.0 = Debug|Any CPU
		{2D38C3E8-6220-4640-B77F-8D3C95AA45D4}.Release|Any CPU.ActiveCfg = Release|Any CPU
		{2D38C3E8-6220-4640-B77F-8D3C95AA45D4}.Release|Any CPU.Build.0 = Release|Any CPU
		{6123C2E4-0E6F-42CC-9813-EF709A1FF1DA}.Debug|Any CPU.ActiveCfg = Debug|Any CPU
		{6123C2E4-0E6F-42CC-9813-EF709A1FF1DA}.Debug|Any CPU.Build.0 = Debug|Any CPU
		{6123C2E4-0E6F-42CC-9813-EF709A1FF1DA}.Release|Any CPU.ActiveCfg = Release|Any CPU
		{6123C2E4-0E6F-42CC-9813-EF709A1FF1DA}.Release|Any CPU.Build.0 = Release|Any CPU
		{AB91FB5B-2CEF-47E9-AB66-F7556FD141E1}.Debug|Any CPU.ActiveCfg = Debug|Any CPU
		{AB91FB5B-2CEF-47E9-AB66-F7556FD141E1}.Debug|Any CPU.Build.0 = Debug|Any CPU
		{AB91FB5B-2CEF-47E9-AB66-F7556FD141E1}.Release|Any CPU.ActiveCfg = Release|Any CPU
		{AB91FB5B-2CEF-47E9-AB66-F7556FD141E1}.Release|Any CPU.Build.0 = Release|Any CPU
	EndGlobalSection
	GlobalSection(SolutionProperties) = preSolution
		HideSolutionNode = FALSE
	EndGlobalSection
	GlobalSection(NestedProjects) = preSolution
		{A31FD479-9B15-43CE-A804-F8081DA466F2} = {3229E42F-63DE-44C5-B29B-B855F7A89D48}
		{3E61C4EE-A584-4BFF-8E8C-047D888A88AF} = {C81BDDCE-95D2-4747-B416-281B36F145A6}
		{817B2638-A6C8-4F17-BCEF-9CDC0770065A} = {3229E42F-63DE-44C5-B29B-B855F7A89D48}
		{3649AE37-5928-43AD-A0BC-8700ABBF3619} = {3229E42F-63DE-44C5-B29B-B855F7A89D48}
		{D861615D-915D-4BD8-9EC9-81F31881323B} = {3229E42F-63DE-44C5-B29B-B855F7A89D48}
		{B5B38C30-2F91-427C-9E08-35B4A304F25E} = {3229E42F-63DE-44C5-B29B-B855F7A89D48}
		{8551C8FC-7A3E-4546-87D4-09226670549C} = {C81BDDCE-95D2-4747-B416-281B36F145A6}
		{6EC07F66-89F5-4DCC-B1D8-7B1401D5996F} = {3229E42F-63DE-44C5-B29B-B855F7A89D48}
		{DD73C884-DDA7-4307-84DD-7760CE3F67C8} = {3229E42F-63DE-44C5-B29B-B855F7A89D48}
		{982F3EF8-D222-41FA-907D-9476F3708CB6} = {C81BDDCE-95D2-4747-B416-281B36F145A6}
		{0BF56B8F-2966-4E51-B2B4-468925B47ADF} = {C81BDDCE-95D2-4747-B416-281B36F145A6}
		{06B38872-F80D-49E2-B764-98183F9D408E} = {C81BDDCE-95D2-4747-B416-281B36F145A6}
		{2D38C3E8-6220-4640-B77F-8D3C95AA45D4} = {3229E42F-63DE-44C5-B29B-B855F7A89D48}
		{6123C2E4-0E6F-42CC-9813-EF709A1FF1DA} = {3229E42F-63DE-44C5-B29B-B855F7A89D48}
	EndGlobalSection
	GlobalSection(ExtensibilityGlobals) = postSolution
		SolutionGuid = {F0C916B5-9D2E-47BC-A1A8-61A6F7E8B0D6}
	EndGlobalSection
EndGlobal
