
Microsoft Visual Studio Solution File, Format Version 12.00
# Visual Studio Version 16
VisualStudioVersion = 16.0.30524.135
MinimumVisualStudioVersion = 10.0.40219.1
Project("{9A19103F-16F7-4668-BE54-9A1E7A4F7556}") = "LWMS", "LWMS\LWMS.csproj", "{DC9429BF-3DE6-4225-AF74-56E1FF46368E}"
EndProject
Project("{9A19103F-16F7-4668-BE54-9A1E7A4F7556}") = "LWMS.Core", "LWMS.Core\LWMS.Core.csproj", "{A31FD479-9B15-43CE-A804-F8081DA466F2}"
EndProject
Project("{2150E333-8FDC-42A3-9474-1A3956D46DE8}") = "Solution Items", "Solution Items", "{140835F2-83EF-4625-A05C-866C244C5281}"
	ProjectSection(SolutionItems) = preProject
		BuildDebug.ps1 = BuildDebug.ps1
		BuildRelease.ps1 = BuildRelease.ps1
		README.md = README.md
	EndProjectSection
EndProject
Project("{9A19103F-16F7-4668-BE54-9A1E7A4F7556}") = "LWMS.Management.Commands", "LWMS.Management.Commands\LWMS.Management.Commands.csproj", "{A4B5AE6A-8EC8-4A52-B9EB-CF26CD72098F}"
EndProject
Project("{9A19103F-16F7-4668-BE54-9A1E7A4F7556}") = "LWMS.Management", "LWMS.Management\LWMS.Management.csproj", "{64534E8B-F1F4-4E6F-93E7-94DA0539B516}"
EndProject
Global
	GlobalSection(SolutionConfigurationPlatforms) = preSolution
		Debug|Any CPU = Debug|Any CPU
		Release|Any CPU = Release|Any CPU
	EndGlobalSection
	GlobalSection(ProjectConfigurationPlatforms) = postSolution
		{DC9429BF-3DE6-4225-AF74-56E1FF46368E}.Debug|Any CPU.ActiveCfg = Debug|Any CPU
		{DC9429BF-3DE6-4225-AF74-56E1FF46368E}.Debug|Any CPU.Build.0 = Debug|Any CPU
		{DC9429BF-3DE6-4225-AF74-56E1FF46368E}.Release|Any CPU.ActiveCfg = Release|Any CPU
		{DC9429BF-3DE6-4225-AF74-56E1FF46368E}.Release|Any CPU.Build.0 = Release|Any CPU
		{A31FD479-9B15-43CE-A804-F8081DA466F2}.Debug|Any CPU.ActiveCfg = Debug|Any CPU
		{A31FD479-9B15-43CE-A804-F8081DA466F2}.Debug|Any CPU.Build.0 = Debug|Any CPU
		{A31FD479-9B15-43CE-A804-F8081DA466F2}.Release|Any CPU.ActiveCfg = Release|Any CPU
		{A31FD479-9B15-43CE-A804-F8081DA466F2}.Release|Any CPU.Build.0 = Release|Any CPU
		{A4B5AE6A-8EC8-4A52-B9EB-CF26CD72098F}.Debug|Any CPU.ActiveCfg = Debug|Any CPU
		{A4B5AE6A-8EC8-4A52-B9EB-CF26CD72098F}.Debug|Any CPU.Build.0 = Debug|Any CPU
		{A4B5AE6A-8EC8-4A52-B9EB-CF26CD72098F}.Release|Any CPU.ActiveCfg = Release|Any CPU
		{A4B5AE6A-8EC8-4A52-B9EB-CF26CD72098F}.Release|Any CPU.Build.0 = Release|Any CPU
		{64534E8B-F1F4-4E6F-93E7-94DA0539B516}.Debug|Any CPU.ActiveCfg = Debug|Any CPU
		{64534E8B-F1F4-4E6F-93E7-94DA0539B516}.Debug|Any CPU.Build.0 = Debug|Any CPU
		{64534E8B-F1F4-4E6F-93E7-94DA0539B516}.Release|Any CPU.ActiveCfg = Release|Any CPU
		{64534E8B-F1F4-4E6F-93E7-94DA0539B516}.Release|Any CPU.Build.0 = Release|Any CPU
	EndGlobalSection
	GlobalSection(SolutionProperties) = preSolution
		HideSolutionNode = FALSE
	EndGlobalSection
	GlobalSection(ExtensibilityGlobals) = postSolution
		SolutionGuid = {F0C916B5-9D2E-47BC-A1A8-61A6F7E8B0D6}
	EndGlobalSection
EndGlobal
